{
  "pins" : [
    {
      "identity" : "ditranquillity",
      "kind" : "remoteSourceControl",
      "location" : "https://github.com/ivlevAstef/DITranquillity",
      "state" : {
        "revision" : "fda9b88ab2a2360faddae1cebc4e64f2df495ae0",
        "version" : "4.5.0"
      }
    },
    {
      "identity" : "kingfisher",
      "kind" : "remoteSourceControl",
      "location" : "https://github.com/onevcat/Kingfisher",
      "state" : {
        "revision" : "3ec0ab0bca4feb56e8b33e289c9496e89059dd08",
        "version" : "7.10.2"
      }
    },
    {
      "identity" : "lottie-spm",
      "kind" : "remoteSourceControl",
      "location" : "https://github.com/airbnb/lottie-spm.git",
      "state" : {
        "revision" : "26d84192430ed5b104d64b8086872bb4979d65a4",
        "version" : "4.4.0"
      }
    },
    {
      "identity" : "swiftlazy",
      "kind" : "remoteSourceControl",
      "location" : "https://github.com/ivlevAstef/SwiftLazy.git",
      "state" : {
        "revision" : "49a47304bb06643fa22d981b6b8301acc5bcb366",
        "version" : "1.2.0"
      }
    }
  ],
  "version" : 2
}
